
Microsoft Visual Studio Solution File, Format Version 12.00
# Visual Studio Version 17
VisualStudioVersion = 17.7.34221.43
MinimumVisualStudioVersion = 10.0.40219.1
Project("{FAE04EC0-301F-11D3-BF4B-00C04F79EFBC}") = "Cinemate", "Cinemate.csproj", "{AC930E42-63ED-4A3D-A643-29A2F96137E3}"
EndProject
Global
	GlobalSection(SolutionConfigurationPlatforms) = preSolution
		Debug|Any CPU = Debug|Any CPU
		Release|Any CPU = Release|Any CPU
	EndGlobalSection
	GlobalSection(ProjectConfigurationPlatforms) = postSolution
		{AC930E42-63ED-4A3D-A643-29A2F96137E3}.Debug|Any CPU.ActiveCfg = Debug|Any CPU
		{AC930E42-63ED-4A3D-A643-29A2F96137E3}.Debug|Any CPU.Build.0 = Debug|Any CPU
		{AC930E42-63ED-4A3D-A643-29A2F96137E3}.Release|Any CPU.ActiveCfg = Release|Any CPU
		{AC930E42-63ED-4A3D-A643-29A2F96137E3}.Release|Any CPU.Build.0 = Release|Any CPU
	EndGlobalSection
	GlobalSection(SolutionProperties) = preSolution
		HideSolutionNode = FALSE
	EndGlobalSection
	GlobalSection(ExtensibilityGlobals) = postSolution
		SolutionGuid = {C99E1860-0669-4F4C-93C9-E761207D4567}
	EndGlobalSection
EndGlobal
